
Microsoft Visual Studio Solution File, Format Version 12.00
# Visual Studio 15
VisualStudioVersion = 15.0.26124.0
MinimumVisualStudioVersion = 15.0.26124.0
Project("{2150E333-8FDC-42A3-9474-1A3956D46DE8}") = "src", "src", "{8EA75E31-28A2-4510-B6DD-9B93567CB8ED}"
EndProject
Project("{FAE04EC0-301F-11D3-BF4B-00C04F79EFBC}") = "SongsSearch", "src\SongsSearch\SongsSearch.csproj", "{F697AC00-7A8C-4B55-AE03-5AC20AC11015}"
EndProject
Project("{FAE04EC0-301F-11D3-BF4B-00C04F79EFBC}") = "SongsSearch.Core", "src\SongsSearch.Core\SongsSearch.Core.csproj", "{7419958A-5F6A-456B-975F-05A699652807}"
EndProject
Global
	GlobalSection(SolutionConfigurationPlatforms) = preSolution
		Debug|Any CPU = Debug|Any CPU
		Debug|x64 = Debug|x64
		Debug|x86 = Debug|x86
		Release|Any CPU = Release|Any CPU
		Release|x64 = Release|x64
		Release|x86 = Release|x86
	EndGlobalSection
	GlobalSection(SolutionProperties) = preSolution
		HideSolutionNode = FALSE
	EndGlobalSection
	GlobalSection(ProjectConfigurationPlatforms) = postSolution
		{F697AC00-7A8C-4B55-AE03-5AC20AC11015}.Debug|Any CPU.ActiveCfg = Debug|Any CPU
		{F697AC00-7A8C-4B55-AE03-5AC20AC11015}.Debug|Any CPU.Build.0 = Debug|Any CPU
		{F697AC00-7A8C-4B55-AE03-5AC20AC11015}.Debug|x64.ActiveCfg = Debug|Any CPU
		{F697AC00-7A8C-4B55-AE03-5AC20AC11015}.Debug|x64.Build.0 = Debug|Any CPU
		{F697AC00-7A8C-4B55-AE03-5AC20AC11015}.Debug|x86.ActiveCfg = Debug|Any CPU
		{F697AC00-7A8C-4B55-AE03-5AC20AC11015}.Debug|x86.Build.0 = Debug|Any CPU
		{F697AC00-7A8C-4B55-AE03-5AC20AC11015}.Release|Any CPU.ActiveCfg = Release|Any CPU
		{F697AC00-7A8C-4B55-AE03-5AC20AC11015}.Release|Any CPU.Build.0 = Release|Any CPU
		{F697AC00-7A8C-4B55-AE03-5AC20AC11015}.Release|x64.ActiveCfg = Release|Any CPU
		{F697AC00-7A8C-4B55-AE03-5AC20AC11015}.Release|x64.Build.0 = Release|Any CPU
		{F697AC00-7A8C-4B55-AE03-5AC20AC11015}.Release|x86.ActiveCfg = Release|Any CPU
		{F697AC00-7A8C-4B55-AE03-5AC20AC11015}.Release|x86.Build.0 = Release|Any CPU
		{7419958A-5F6A-456B-975F-05A699652807}.Debug|Any CPU.ActiveCfg = Debug|Any CPU
		{7419958A-5F6A-456B-975F-05A699652807}.Debug|Any CPU.Build.0 = Debug|Any CPU
		{7419958A-5F6A-456B-975F-05A699652807}.Debug|x64.ActiveCfg = Debug|Any CPU
		{7419958A-5F6A-456B-975F-05A699652807}.Debug|x64.Build.0 = Debug|Any CPU
		{7419958A-5F6A-456B-975F-05A699652807}.Debug|x86.ActiveCfg = Debug|Any CPU
		{7419958A-5F6A-456B-975F-05A699652807}.Debug|x86.Build.0 = Debug|Any CPU
		{7419958A-5F6A-456B-975F-05A699652807}.Release|Any CPU.ActiveCfg = Release|Any CPU
		{7419958A-5F6A-456B-975F-05A699652807}.Release|Any CPU.Build.0 = Release|Any CPU
		{7419958A-5F6A-456B-975F-05A699652807}.Release|x64.ActiveCfg = Release|Any CPU
		{7419958A-5F6A-456B-975F-05A699652807}.Release|x64.Build.0 = Release|Any CPU
		{7419958A-5F6A-456B-975F-05A699652807}.Release|x86.ActiveCfg = Release|Any CPU
		{7419958A-5F6A-456B-975F-05A699652807}.Release|x86.Build.0 = Release|Any CPU
	EndGlobalSection
	GlobalSection(NestedProjects) = preSolution
		{F697AC00-7A8C-4B55-AE03-5AC20AC11015} = {8EA75E31-28A2-4510-B6DD-9B93567CB8ED}
		{7419958A-5F6A-456B-975F-05A699652807} = {8EA75E31-28A2-4510-B6DD-9B93567CB8ED}
	EndGlobalSection
EndGlobal
